// !$*UTF8*$!
{
	archiveVersion = 1;
	classes = {
	};
	objectVersion = 56;
	objects = {

/* Begin PBXBuildFile section */
		7984B5582B7C83920079AB07 /* AppDelegate.swift in Sources */ = {isa = PBXBuildFile; fileRef = 7984B5572B7C83920079AB07 /* AppDelegate.swift */; };
		7984B55A2B7C83920079AB07 /* SceneDelegate.swift in Sources */ = {isa = PBXBuildFile; fileRef = 7984B5592B7C83920079AB07 /* SceneDelegate.swift */; };
		7984B55F2B7C83920079AB07 /* Main.storyboard in Resources */ = {isa = PBXBuildFile; fileRef = 7984B55D2B7C83920079AB07 /* Main.storyboard */; };
		7984B5612B7C83930079AB07 /* Assets.xcassets in Resources */ = {isa = PBXBuildFile; fileRef = 7984B5602B7C83930079AB07 /* Assets.xcassets */; };
		7984B5642B7C83930079AB07 /* LaunchScreen.storyboard in Resources */ = {isa = PBXBuildFile; fileRef = 7984B5622B7C83930079AB07 /* LaunchScreen.storyboard */; };
		7984B56E2B7C8B6F0079AB07 /* BaseView.swift in Sources */ = {isa = PBXBuildFile; fileRef = 7984B56D2B7C8B6F0079AB07 /* BaseView.swift */; };
		7984B5712B7C8C860079AB07 /* Identifier.swift in Sources */ = {isa = PBXBuildFile; fileRef = 7984B5702B7C8C860079AB07 /* Identifier.swift */; };
		7984B5742B7C8F1E0079AB07 /* ReminderListViewController.swift in Sources */ = {isa = PBXBuildFile; fileRef = 7984B5732B7C8F1E0079AB07 /* ReminderListViewController.swift */; };
		7984B5762B7C90020079AB07 /* ReminderListView.swift in Sources */ = {isa = PBXBuildFile; fileRef = 7984B5752B7C90020079AB07 /* ReminderListView.swift */; };
		7984B5792B7C92F90079AB07 /* SnapKit in Frameworks */ = {isa = PBXBuildFile; productRef = 7984B5782B7C92F90079AB07 /* SnapKit */; };
		7984B57B2B7C9EC80079AB07 /* ReminderListCollectionViewCell.swift in Sources */ = {isa = PBXBuildFile; fileRef = 7984B57A2B7C9EC70079AB07 /* ReminderListCollectionViewCell.swift */; };
		7984B57D2B7C9EEE0079AB07 /* BaseCollectionViewCell.swift in Sources */ = {isa = PBXBuildFile; fileRef = 7984B57C2B7C9EEE0079AB07 /* BaseCollectionViewCell.swift */; };
		7984B5802B7CA1D30079AB07 /* ReminderList.swift in Sources */ = {isa = PBXBuildFile; fileRef = 7984B57F2B7CA1D30079AB07 /* ReminderList.swift */; };
		7984B5842B7CA5A00079AB07 /* CircleImageView.swift in Sources */ = {isa = PBXBuildFile; fileRef = 7984B5832B7CA5A00079AB07 /* CircleImageView.swift */; };
		7984B5882B7CAD390079AB07 /* UIViewController+Extension.swift in Sources */ = {isa = PBXBuildFile; fileRef = 7984B5872B7CAD390079AB07 /* UIViewController+Extension.swift */; };
		7984B58A2B7CB0020079AB07 /* AddReminderViewController.swift in Sources */ = {isa = PBXBuildFile; fileRef = 7984B5892B7CB0020079AB07 /* AddReminderViewController.swift */; };
		7984B58C2B7CB0900079AB07 /* AddReminderView.swift in Sources */ = {isa = PBXBuildFile; fileRef = 7984B58B2B7CB0900079AB07 /* AddReminderView.swift */; };
		7984B58E2B7CC57A0079AB07 /* AddReminderTableViewCell.swift in Sources */ = {isa = PBXBuildFile; fileRef = 7984B58D2B7CC57A0079AB07 /* AddReminderTableViewCell.swift */; };
		7984B5902B7CC5920079AB07 /* BaseTableViewCell.swift in Sources */ = {isa = PBXBuildFile; fileRef = 7984B58F2B7CC5920079AB07 /* BaseTableViewCell.swift */; };
		7984B5922B7CC9840079AB07 /* AddDetailTableViewCell.swift in Sources */ = {isa = PBXBuildFile; fileRef = 7984B5912B7CC9840079AB07 /* AddDetailTableViewCell.swift */; };
		7984B5942B7CCF200079AB07 /* AddReminderCellList.swift in Sources */ = {isa = PBXBuildFile; fileRef = 7984B5932B7CCF200079AB07 /* AddReminderCellList.swift */; };
/* End PBXBuildFile section */

/* Begin PBXFileReference section */
		7984B5542B7C83920079AB07 /* ReminderApp.app */ = {isa = PBXFileReference; explicitFileType = wrapper.application; includeInIndex = 0; path = ReminderApp.app; sourceTree = BUILT_PRODUCTS_DIR; };
		7984B5572B7C83920079AB07 /* AppDelegate.swift */ = {isa = PBXFileReference; lastKnownFileType = sourcecode.swift; path = AppDelegate.swift; sourceTree = "<group>"; };
		7984B5592B7C83920079AB07 /* SceneDelegate.swift */ = {isa = PBXFileReference; lastKnownFileType = sourcecode.swift; path = SceneDelegate.swift; sourceTree = "<group>"; };
		7984B55E2B7C83920079AB07 /* Base */ = {isa = PBXFileReference; lastKnownFileType = file.storyboard; name = Base; path = Base.lproj/Main.storyboard; sourceTree = "<group>"; };
		7984B5602B7C83930079AB07 /* Assets.xcassets */ = {isa = PBXFileReference; lastKnownFileType = folder.assetcatalog; path = Assets.xcassets; sourceTree = "<group>"; };
		7984B5632B7C83930079AB07 /* Base */ = {isa = PBXFileReference; lastKnownFileType = file.storyboard; name = Base; path = Base.lproj/LaunchScreen.storyboard; sourceTree = "<group>"; };
		7984B5652B7C83940079AB07 /* Info.plist */ = {isa = PBXFileReference; lastKnownFileType = text.plist.xml; path = Info.plist; sourceTree = "<group>"; };
		7984B56D2B7C8B6F0079AB07 /* BaseView.swift */ = {isa = PBXFileReference; lastKnownFileType = sourcecode.swift; path = BaseView.swift; sourceTree = "<group>"; };
		7984B5702B7C8C860079AB07 /* Identifier.swift */ = {isa = PBXFileReference; lastKnownFileType = sourcecode.swift; path = Identifier.swift; sourceTree = "<group>"; };
		7984B5732B7C8F1E0079AB07 /* ReminderListViewController.swift */ = {isa = PBXFileReference; lastKnownFileType = sourcecode.swift; path = ReminderListViewController.swift; sourceTree = "<group>"; };
		7984B5752B7C90020079AB07 /* ReminderListView.swift */ = {isa = PBXFileReference; lastKnownFileType = sourcecode.swift; path = ReminderListView.swift; sourceTree = "<group>"; };
		7984B57A2B7C9EC70079AB07 /* ReminderListCollectionViewCell.swift */ = {isa = PBXFileReference; lastKnownFileType = sourcecode.swift; path = ReminderListCollectionViewCell.swift; sourceTree = "<group>"; };
		7984B57C2B7C9EEE0079AB07 /* BaseCollectionViewCell.swift */ = {isa = PBXFileReference; lastKnownFileType = sourcecode.swift; path = BaseCollectionViewCell.swift; sourceTree = "<group>"; };
		7984B57F2B7CA1D30079AB07 /* ReminderList.swift */ = {isa = PBXFileReference; lastKnownFileType = sourcecode.swift; path = ReminderList.swift; sourceTree = "<group>"; };
		7984B5832B7CA5A00079AB07 /* CircleImageView.swift */ = {isa = PBXFileReference; lastKnownFileType = sourcecode.swift; path = CircleImageView.swift; sourceTree = "<group>"; };
		7984B5872B7CAD390079AB07 /* UIViewController+Extension.swift */ = {isa = PBXFileReference; lastKnownFileType = sourcecode.swift; path = "UIViewController+Extension.swift"; sourceTree = "<group>"; };
		7984B5892B7CB0020079AB07 /* AddReminderViewController.swift */ = {isa = PBXFileReference; lastKnownFileType = sourcecode.swift; path = AddReminderViewController.swift; sourceTree = "<group>"; };
		7984B58B2B7CB0900079AB07 /* AddReminderView.swift */ = {isa = PBXFileReference; lastKnownFileType = sourcecode.swift; path = AddReminderView.swift; sourceTree = "<group>"; };
		7984B58D2B7CC57A0079AB07 /* AddReminderTableViewCell.swift */ = {isa = PBXFileReference; lastKnownFileType = sourcecode.swift; path = AddReminderTableViewCell.swift; sourceTree = "<group>"; };
		7984B58F2B7CC5920079AB07 /* BaseTableViewCell.swift */ = {isa = PBXFileReference; lastKnownFileType = sourcecode.swift; path = BaseTableViewCell.swift; sourceTree = "<group>"; };
		7984B5912B7CC9840079AB07 /* AddDetailTableViewCell.swift */ = {isa = PBXFileReference; lastKnownFileType = sourcecode.swift; path = AddDetailTableViewCell.swift; sourceTree = "<group>"; };
		7984B5932B7CCF200079AB07 /* AddReminderCellList.swift */ = {isa = PBXFileReference; lastKnownFileType = sourcecode.swift; path = AddReminderCellList.swift; sourceTree = "<group>"; };
/* End PBXFileReference section */

/* Begin PBXFrameworksBuildPhase section */
		7984B5512B7C83920079AB07 /* Frameworks */ = {
			isa = PBXFrameworksBuildPhase;
			buildActionMask = 2147483647;
			files = (
				7984B5792B7C92F90079AB07 /* SnapKit in Frameworks */,
			);
			runOnlyForDeploymentPostprocessing = 0;
		};
/* End PBXFrameworksBuildPhase section */

/* Begin PBXGroup section */
		7984B54B2B7C83920079AB07 = {
			isa = PBXGroup;
			children = (
				7984B5562B7C83920079AB07 /* ReminderApp */,
				7984B5552B7C83920079AB07 /* Products */,
			);
			sourceTree = "<group>";
		};
		7984B5552B7C83920079AB07 /* Products */ = {
			isa = PBXGroup;
			children = (
				7984B5542B7C83920079AB07 /* ReminderApp.app */,
			);
			name = Products;
			sourceTree = "<group>";
		};
		7984B5562B7C83920079AB07 /* ReminderApp */ = {
			isa = PBXGroup;
			children = (
				7984B57E2B7CA1C50079AB07 /* Enum */,
				7984B56B2B7C8B2E0079AB07 /* Extension */,
				7984B56C2B7C8B300079AB07 /* Base */,
				7984B5822B7CA5940079AB07 /* custom */,
				7984B56F2B7C8C370079AB07 /* Main */,
				7984B5722B7C8DC00079AB07 /* Add */,
				7984B5572B7C83920079AB07 /* AppDelegate.swift */,
				7984B5592B7C83920079AB07 /* SceneDelegate.swift */,
				7984B55D2B7C83920079AB07 /* Main.storyboard */,
				7984B5602B7C83930079AB07 /* Assets.xcassets */,
				7984B5622B7C83930079AB07 /* LaunchScreen.storyboard */,
				7984B5652B7C83940079AB07 /* Info.plist */,
			);
			path = ReminderApp;
			sourceTree = "<group>";
		};
		7984B56B2B7C8B2E0079AB07 /* Extension */ = {
			isa = PBXGroup;
			children = (
				7984B5702B7C8C860079AB07 /* Identifier.swift */,
				7984B5872B7CAD390079AB07 /* UIViewController+Extension.swift */,
			);
			path = Extension;
			sourceTree = "<group>";
		};
		7984B56C2B7C8B300079AB07 /* Base */ = {
			isa = PBXGroup;
			children = (
				7984B56D2B7C8B6F0079AB07 /* BaseView.swift */,
				7984B57C2B7C9EEE0079AB07 /* BaseCollectionViewCell.swift */,
				7984B58F2B7CC5920079AB07 /* BaseTableViewCell.swift */,
			);
			path = Base;
			sourceTree = "<group>";
		};
		7984B56F2B7C8C370079AB07 /* Main */ = {
			isa = PBXGroup;
			children = (
				7984B5732B7C8F1E0079AB07 /* ReminderListViewController.swift */,
				7984B5752B7C90020079AB07 /* ReminderListView.swift */,
				7984B57A2B7C9EC70079AB07 /* ReminderListCollectionViewCell.swift */,
			);
			path = Main;
			sourceTree = "<group>";
		};
		7984B5722B7C8DC00079AB07 /* Add */ = {
			isa = PBXGroup;
			children = (
				7984B5892B7CB0020079AB07 /* AddReminderViewController.swift */,
				7984B58B2B7CB0900079AB07 /* AddReminderView.swift */,
				7984B58D2B7CC57A0079AB07 /* AddReminderTableViewCell.swift */,
				7984B5912B7CC9840079AB07 /* AddDetailTableViewCell.swift */,
			);
			path = Add;
			sourceTree = "<group>";
		};
		7984B57E2B7CA1C50079AB07 /* Enum */ = {
			isa = PBXGroup;
			children = (
				7984B57F2B7CA1D30079AB07 /* ReminderList.swift */,
				7984B5932B7CCF200079AB07 /* AddReminderCellList.swift */,
			);
			path = Enum;
			sourceTree = "<group>";
		};
		7984B5822B7CA5940079AB07 /* custom */ = {
			isa = PBXGroup;
			children = (
				7984B5832B7CA5A00079AB07 /* CircleImageView.swift */,
			);
			path = custom;
			sourceTree = "<group>";
		};
/* End PBXGroup section */

/* Begin PBXNativeTarget section */
		7984B5532B7C83920079AB07 /* ReminderApp */ = {
			isa = PBXNativeTarget;
			buildConfigurationList = 7984B5682B7C83940079AB07 /* Build configuration list for PBXNativeTarget "ReminderApp" */;
			buildPhases = (
				7984B5502B7C83920079AB07 /* Sources */,
				7984B5512B7C83920079AB07 /* Frameworks */,
				7984B5522B7C83920079AB07 /* Resources */,
			);
			buildRules = (
			);
			dependencies = (
			);
			name = ReminderApp;
			packageProductDependencies = (
				7984B5782B7C92F90079AB07 /* SnapKit */,
			);
			productName = ReminderApp;
			productReference = 7984B5542B7C83920079AB07 /* ReminderApp.app */;
			productType = "com.apple.product-type.application";
		};
/* End PBXNativeTarget section */

/* Begin PBXProject section */
		7984B54C2B7C83920079AB07 /* Project object */ = {
			isa = PBXProject;
			attributes = {
				BuildIndependentTargetsInParallel = 1;
				LastSwiftUpdateCheck = 1520;
				LastUpgradeCheck = 1520;
				TargetAttributes = {
					7984B5532B7C83920079AB07 = {
						CreatedOnToolsVersion = 15.2;
					};
				};
			};
			buildConfigurationList = 7984B54F2B7C83920079AB07 /* Build configuration list for PBXProject "ReminderApp" */;
			compatibilityVersion = "Xcode 14.0";
			developmentRegion = en;
			hasScannedForEncodings = 0;
			knownRegions = (
				en,
				Base,
			);
			mainGroup = 7984B54B2B7C83920079AB07;
			packageReferences = (
				7984B5772B7C92F90079AB07 /* XCRemoteSwiftPackageReference "SnapKit" */,
			);
			productRefGroup = 7984B5552B7C83920079AB07 /* Products */;
			projectDirPath = "";
			projectRoot = "";
			targets = (
				7984B5532B7C83920079AB07 /* ReminderApp */,
			);
		};
/* End PBXProject section */

/* Begin PBXResourcesBuildPhase section */
		7984B5522B7C83920079AB07 /* Resources */ = {
			isa = PBXResourcesBuildPhase;
			buildActionMask = 2147483647;
			files = (
				7984B5642B7C83930079AB07 /* LaunchScreen.storyboard in Resources */,
				7984B5612B7C83930079AB07 /* Assets.xcassets in Resources */,
				7984B55F2B7C83920079AB07 /* Main.storyboard in Resources */,
			);
			runOnlyForDeploymentPostprocessing = 0;
		};
/* End PBXResourcesBuildPhase section */

/* Begin PBXSourcesBuildPhase section */
		7984B5502B7C83920079AB07 /* Sources */ = {
			isa = PBXSourcesBuildPhase;
			buildActionMask = 2147483647;
			files = (
				7984B57B2B7C9EC80079AB07 /* ReminderListCollectionViewCell.swift in Sources */,
				7984B58C2B7CB0900079AB07 /* AddReminderView.swift in Sources */,
				7984B5882B7CAD390079AB07 /* UIViewController+Extension.swift in Sources */,
				7984B57D2B7C9EEE0079AB07 /* BaseCollectionViewCell.swift in Sources */,
				7984B5762B7C90020079AB07 /* ReminderListView.swift in Sources */,
				7984B58A2B7CB0020079AB07 /* AddReminderViewController.swift in Sources */,
				7984B5942B7CCF200079AB07 /* AddReminderCellList.swift in Sources */,
				7984B5922B7CC9840079AB07 /* AddDetailTableViewCell.swift in Sources */,
				7984B5712B7C8C860079AB07 /* Identifier.swift in Sources */,
				7984B5582B7C83920079AB07 /* AppDelegate.swift in Sources */,
				7984B55A2B7C83920079AB07 /* SceneDelegate.swift in Sources */,
				7984B58E2B7CC57A0079AB07 /* AddReminderTableViewCell.swift in Sources */,
				7984B5742B7C8F1E0079AB07 /* ReminderListViewController.swift in Sources */,
				7984B5802B7CA1D30079AB07 /* ReminderList.swift in Sources */,
				7984B5842B7CA5A00079AB07 /* CircleImageView.swift in Sources */,
				7984B5902B7CC5920079AB07 /* BaseTableViewCell.swift in Sources */,
				7984B56E2B7C8B6F0079AB07 /* BaseView.swift in Sources */,
			);
			runOnlyForDeploymentPostprocessing = 0;
		};
/* End PBXSourcesBuildPhase section */

/* Begin PBXVariantGroup section */
		7984B55D2B7C83920079AB07 /* Main.storyboard */ = {
			isa = PBXVariantGroup;
			children = (
				7984B55E2B7C83920079AB07 /* Base */,
			);
			name = Main.storyboard;
			sourceTree = "<group>";
		};
		7984B5622B7C83930079AB07 /* LaunchScreen.storyboard */ = {
			isa = PBXVariantGroup;
			children = (
				7984B5632B7C83930079AB07 /* Base */,
			);
			name = LaunchScreen.storyboard;
			sourceTree = "<group>";
		};
/* End PBXVariantGroup section */

/* Begin XCBuildConfiguration section */
		7984B5662B7C83940079AB07 /* Debug */ = {
			isa = XCBuildConfiguration;
			buildSettings = {
				ALWAYS_SEARCH_USER_PATHS = NO;
				ASSETCATALOG_COMPILER_GENERATE_SWIFT_ASSET_SYMBOL_EXTENSIONS = YES;
				CLANG_ANALYZER_NONNULL = YES;
				CLANG_ANALYZER_NUMBER_OBJECT_CONVERSION = YES_AGGRESSIVE;
				CLANG_CXX_LANGUAGE_STANDARD = "gnu++20";
				CLANG_ENABLE_MODULES = YES;
				CLANG_ENABLE_OBJC_ARC = YES;
				CLANG_ENABLE_OBJC_WEAK = YES;
				CLANG_WARN_BLOCK_CAPTURE_AUTORELEASING = YES;
				CLANG_WARN_BOOL_CONVERSION = YES;
				CLANG_WARN_COMMA = YES;
				CLANG_WARN_CONSTANT_CONVERSION = YES;
				CLANG_WARN_DEPRECATED_OBJC_IMPLEMENTATIONS = YES;
				CLANG_WARN_DIRECT_OBJC_ISA_USAGE = YES_ERROR;
				CLANG_WARN_DOCUMENTATION_COMMENTS = YES;
				CLANG_WARN_EMPTY_BODY = YES;
				CLANG_WARN_ENUM_CONVERSION = YES;
				CLANG_WARN_INFINITE_RECURSION = YES;
				CLANG_WARN_INT_CONVERSION = YES;
				CLANG_WARN_NON_LITERAL_NULL_CONVERSION = YES;
				CLANG_WARN_OBJC_IMPLICIT_RETAIN_SELF = YES;
				CLANG_WARN_OBJC_LITERAL_CONVERSION = YES;
				CLANG_WARN_OBJC_ROOT_CLASS = YES_ERROR;
				CLANG_WARN_QUOTED_INCLUDE_IN_FRAMEWORK_HEADER = YES;
				CLANG_WARN_RANGE_LOOP_ANALYSIS = YES;
				CLANG_WARN_STRICT_PROTOTYPES = YES;
				CLANG_WARN_SUSPICIOUS_MOVE = YES;
				CLANG_WARN_UNGUARDED_AVAILABILITY = YES_AGGRESSIVE;
				CLANG_WARN_UNREACHABLE_CODE = YES;
				CLANG_WARN__DUPLICATE_METHOD_MATCH = YES;
				COPY_PHASE_STRIP = NO;
				DEBUG_INFORMATION_FORMAT = dwarf;
				ENABLE_STRICT_OBJC_MSGSEND = YES;
				ENABLE_TESTABILITY = YES;
				ENABLE_USER_SCRIPT_SANDBOXING = YES;
				GCC_C_LANGUAGE_STANDARD = gnu17;
				GCC_DYNAMIC_NO_PIC = NO;
				GCC_NO_COMMON_BLOCKS = YES;
				GCC_OPTIMIZATION_LEVEL = 0;
				GCC_PREPROCESSOR_DEFINITIONS = (
					"DEBUG=1",
					"$(inherited)",
				);
				GCC_WARN_64_TO_32_BIT_CONVERSION = YES;
				GCC_WARN_ABOUT_RETURN_TYPE = YES_ERROR;
				GCC_WARN_UNDECLARED_SELECTOR = YES;
				GCC_WARN_UNINITIALIZED_AUTOS = YES_AGGRESSIVE;
				GCC_WARN_UNUSED_FUNCTION = YES;
				GCC_WARN_UNUSED_VARIABLE = YES;
				IPHONEOS_DEPLOYMENT_TARGET = 17.2;
				LOCALIZATION_PREFERS_STRING_CATALOGS = YES;
				MTL_ENABLE_DEBUG_INFO = INCLUDE_SOURCE;
				MTL_FAST_MATH = YES;
				ONLY_ACTIVE_ARCH = YES;
				SDKROOT = iphoneos;
				SWIFT_ACTIVE_COMPILATION_CONDITIONS = "DEBUG $(inherited)";
				SWIFT_OPTIMIZATION_LEVEL = "-Onone";
			};
			name = Debug;
		};
		7984B5672B7C83940079AB07 /* Release */ = {
			isa = XCBuildConfiguration;
			buildSettings = {
				ALWAYS_SEARCH_USER_PATHS = NO;
				ASSETCATALOG_COMPILER_GENERATE_SWIFT_ASSET_SYMBOL_EXTENSIONS = YES;
				CLANG_ANALYZER_NONNULL = YES;
				CLANG_ANALYZER_NUMBER_OBJECT_CONVERSION = YES_AGGRESSIVE;
				CLANG_CXX_LANGUAGE_STANDARD = "gnu++20";
				CLANG_ENABLE_MODULES = YES;
				CLANG_ENABLE_OBJC_ARC = YES;
				CLANG_ENABLE_OBJC_WEAK = YES;
				CLANG_WARN_BLOCK_CAPTURE_AUTORELEASING = YES;
				CLANG_WARN_BOOL_CONVERSION = YES;
				CLANG_WARN_COMMA = YES;
				CLANG_WARN_CONSTANT_CONVERSION = YES;
				CLANG_WARN_DEPRECATED_OBJC_IMPLEMENTATIONS = YES;
				CLANG_WARN_DIRECT_OBJC_ISA_USAGE = YES_ERROR;
				CLANG_WARN_DOCUMENTATION_COMMENTS = YES;
				CLANG_WARN_EMPTY_BODY = YES;
				CLANG_WARN_ENUM_CONVERSION = YES;
				CLANG_WARN_INFINITE_RECURSION = YES;
				CLANG_WARN_INT_CONVERSION = YES;
				CLANG_WARN_NON_LITERAL_NULL_CONVERSION = YES;
				CLANG_WARN_OBJC_IMPLICIT_RETAIN_SELF = YES;
				CLANG_WARN_OBJC_LITERAL_CONVERSION = YES;
				CLANG_WARN_OBJC_ROOT_CLASS = YES_ERROR;
				CLANG_WARN_QUOTED_INCLUDE_IN_FRAMEWORK_HEADER = YES;
				CLANG_WARN_RANGE_LOOP_ANALYSIS = YES;
				CLANG_WARN_STRICT_PROTOTYPES = YES;
				CLANG_WARN_SUSPICIOUS_MOVE = YES;
				CLANG_WARN_UNGUARDED_AVAILABILITY = YES_AGGRESSIVE;
				CLANG_WARN_UNREACHABLE_CODE = YES;
				CLANG_WARN__DUPLICATE_METHOD_MATCH = YES;
				COPY_PHASE_STRIP = NO;
				DEBUG_INFORMATION_FORMAT = "dwarf-with-dsym";
				ENABLE_NS_ASSERTIONS = NO;
				ENABLE_STRICT_OBJC_MSGSEND = YES;
				ENABLE_USER_SCRIPT_SANDBOXING = YES;
				GCC_C_LANGUAGE_STANDARD = gnu17;
				GCC_NO_COMMON_BLOCKS = YES;
				GCC_WARN_64_TO_32_BIT_CONVERSION = YES;
				GCC_WARN_ABOUT_RETURN_TYPE = YES_ERROR;
				GCC_WARN_UNDECLARED_SELECTOR = YES;
				GCC_WARN_UNINITIALIZED_AUTOS = YES_AGGRESSIVE;
				GCC_WARN_UNUSED_FUNCTION = YES;
				GCC_WARN_UNUSED_VARIABLE = YES;
				IPHONEOS_DEPLOYMENT_TARGET = 17.2;
				LOCALIZATION_PREFERS_STRING_CATALOGS = YES;
				MTL_ENABLE_DEBUG_INFO = NO;
				MTL_FAST_MATH = YES;
				SDKROOT = iphoneos;
				SWIFT_COMPILATION_MODE = wholemodule;
				VALIDATE_PRODUCT = YES;
			};
			name = Release;
		};
		7984B5692B7C83940079AB07 /* Debug */ = {
			isa = XCBuildConfiguration;
			buildSettings = {
				ASSETCATALOG_COMPILER_APPICON_NAME = AppIcon;
				ASSETCATALOG_COMPILER_GLOBAL_ACCENT_COLOR_NAME = AccentColor;
				CODE_SIGN_STYLE = Automatic;
				CURRENT_PROJECT_VERSION = 1;
				DEVELOPMENT_TEAM = FQNUU3X32C;
				GENERATE_INFOPLIST_FILE = YES;
				INFOPLIST_FILE = ReminderApp/Info.plist;
				INFOPLIST_KEY_UIApplicationSupportsIndirectInputEvents = YES;
				INFOPLIST_KEY_UILaunchStoryboardName = LaunchScreen;
				INFOPLIST_KEY_UIMainStoryboardFile = Main;
				INFOPLIST_KEY_UISupportedInterfaceOrientations = UIInterfaceOrientationPortrait;
				INFOPLIST_KEY_UISupportedInterfaceOrientations_iPad = "UIInterfaceOrientationLandscapeLeft UIInterfaceOrientationLandscapeRight UIInterfaceOrientationPortrait UIInterfaceOrientationPortraitUpsideDown";
				IPHONEOS_DEPLOYMENT_TARGET = 16.0;
				LD_RUNPATH_SEARCH_PATHS = (
					"$(inherited)",
					"@executable_path/Frameworks",
				);
				MARKETING_VERSION = 1.0;
				PRODUCT_BUNDLE_IDENTIFIER = com.chasomin.ReminderApp;
				PRODUCT_NAME = "$(TARGET_NAME)";
				SUPPORTED_PLATFORMS = "iphoneos iphonesimulator";
				SUPPORTS_MACCATALYST = NO;
				SUPPORTS_MAC_DESIGNED_FOR_IPHONE_IPAD = NO;
				SUPPORTS_XR_DESIGNED_FOR_IPHONE_IPAD = NO;
				SWIFT_EMIT_LOC_STRINGS = YES;
				SWIFT_VERSION = 5.0;
				TARGETED_DEVICE_FAMILY = 1;
			};
			name = Debug;
		};
		7984B56A2B7C83940079AB07 /* Release */ = {
			isa = XCBuildConfiguration;
			buildSettings = {
				ASSETCATALOG_COMPILER_APPICON_NAME = AppIcon;
				ASSETCATALOG_COMPILER_GLOBAL_ACCENT_COLOR_NAME = AccentColor;
				CODE_SIGN_STYLE = Automatic;
				CURRENT_PROJECT_VERSION = 1;
				DEVELOPMENT_TEAM = FQNUU3X32C;
				GENERATE_INFOPLIST_FILE = YES;
				INFOPLIST_FILE = ReminderApp/Info.plist;
				INFOPLIST_KEY_UIApplicationSupportsIndirectInputEvents = YES;
				INFOPLIST_KEY_UILaunchStoryboardName = LaunchScreen;
				INFOPLIST_KEY_UIMainStoryboardFile = Main;
				INFOPLIST_KEY_UISupportedInterfaceOrientations = UIInterfaceOrientationPortrait;
				INFOPLIST_KEY_UISupportedInterfaceOrientations_iPad = "UIInterfaceOrientationLandscapeLeft UIInterfaceOrientationLandscapeRight UIInterfaceOrientationPortrait UIInterfaceOrientationPortraitUpsideDown";
				IPHONEOS_DEPLOYMENT_TARGET = 16.0;
				LD_RUNPATH_SEARCH_PATHS = (
					"$(inherited)",
					"@executable_path/Frameworks",
				);
				MARKETING_VERSION = 1.0;
				PRODUCT_BUNDLE_IDENTIFIER = com.chasomin.ReminderApp;
				PRODUCT_NAME = "$(TARGET_NAME)";
				SUPPORTED_PLATFORMS = "iphoneos iphonesimulator";
				SUPPORTS_MACCATALYST = NO;
				SUPPORTS_MAC_DESIGNED_FOR_IPHONE_IPAD = NO;
				SUPPORTS_XR_DESIGNED_FOR_IPHONE_IPAD = NO;
				SWIFT_EMIT_LOC_STRINGS = YES;
				SWIFT_VERSION = 5.0;
				TARGETED_DEVICE_FAMILY = 1;
			};
			name = Release;
		};
/* End XCBuildConfiguration section */

/* Begin XCConfigurationList section */
		7984B54F2B7C83920079AB07 /* Build configuration list for PBXProject "ReminderApp" */ = {
			isa = XCConfigurationList;
			buildConfigurations = (
				7984B5662B7C83940079AB07 /* Debug */,
				7984B5672B7C83940079AB07 /* Release */,
			);
			defaultConfigurationIsVisible = 0;
			defaultConfigurationName = Release;
		};
		7984B5682B7C83940079AB07 /* Build configuration list for PBXNativeTarget "ReminderApp" */ = {
			isa = XCConfigurationList;
			buildConfigurations = (
				7984B5692B7C83940079AB07 /* Debug */,
				7984B56A2B7C83940079AB07 /* Release */,
			);
			defaultConfigurationIsVisible = 0;
			defaultConfigurationName = Release;
		};
/* End XCConfigurationList section */

/* Begin XCRemoteSwiftPackageReference section */
		7984B5772B7C92F90079AB07 /* XCRemoteSwiftPackageReference "SnapKit" */ = {
			isa = XCRemoteSwiftPackageReference;
			repositoryURL = "https://github.com/SnapKit/SnapKit";
			requirement = {
				kind = upToNextMajorVersion;
				minimumVersion = 5.7.0;
			};
		};
/* End XCRemoteSwiftPackageReference section */

/* Begin XCSwiftPackageProductDependency section */
		7984B5782B7C92F90079AB07 /* SnapKit */ = {
			isa = XCSwiftPackageProductDependency;
			package = 7984B5772B7C92F90079AB07 /* XCRemoteSwiftPackageReference "SnapKit" */;
			productName = SnapKit;
		};
/* End XCSwiftPackageProductDependency section */
	};
	rootObject = 7984B54C2B7C83920079AB07 /* Project object */;
}
